# THIS IS AN AUTOGENERATED FILE. DO NOT EDIT THIS FILE DIRECTLY.
# yarn lockfile v1


"@txo/functional@4.0.0":
  version "4.0.0"
  resolved "https://registry.yarnpkg.com/@txo/functional/-/functional-4.0.0.tgz#28d302511343d4a0ddc21015241042282649feca"
  integrity sha512-O/R2fp6RhfpmaHsaS8PQ1+IjNLVo2TiMtwX7zIgn5LK0UyVo9yzbcG6xhyKzVMDQ9q4Sl+uuLkHO+CtfTwtxmw==
  dependencies:
    "@txo/log" "^1.0.0"

"@txo/log@^1.0.0":
  version "1.0.0"
  resolved "https://registry.yarnpkg.com/@txo/log/-/log-1.0.0.tgz#690ddd05fa3568833ebb95a521dd3b2caf23a917"
  integrity sha512-zEIkfLqEK9mClHcqOAq+PTXg7yWmNmHmNNurJJVtg8gq1ZIb/FJtBRXqWRICkmhQ7RfCnilrclcnFlEhLyvNFw==
